
Microsoft Visual Studio Solution File, Format Version 12.00
# Visual Studio Version 16
VisualStudioVersion = 16.0.30114.105
MinimumVisualStudioVersion = 10.0.40219.1
Project("{F184B08F-C81C-45F6-A57F-5ABD9991F28F}") = "Mascarillas", "Mascarillas\Mascarillas.vbproj", "{9C870824-543E-494A-B674-69BC7AE52DD3}"
EndProject
Global
	GlobalSection(SolutionConfigurationPlatforms) = preSolution
		Debug|Any CPU = Debug|Any CPU
		Release|Any CPU = Release|Any CPU
	EndGlobalSection
	GlobalSection(ProjectConfigurationPlatforms) = postSolution
		{9C870824-543E-494A-B674-69BC7AE52DD3}.Debug|Any CPU.ActiveCfg = Debug|Any CPU
		{9C870824-543E-494A-B674-69BC7AE52DD3}.Debug|Any CPU.Build.0 = Debug|Any CPU
		{9C870824-543E-494A-B674-69BC7AE52DD3}.Release|Any CPU.ActiveCfg = Release|Any CPU
		{9C870824-543E-494A-B674-69BC7AE52DD3}.Release|Any CPU.Build.0 = Release|Any CPU
	EndGlobalSection
	GlobalSection(SolutionProperties) = preSolution
		HideSolutionNode = FALSE
	EndGlobalSection
	GlobalSection(ExtensibilityGlobals) = postSolution
		SolutionGuid = {4A03ED8F-67A4-40E7-9EC8-5BBB11506540}
	EndGlobalSection
EndGlobal
